
Microsoft Visual Studio Solution File, Format Version 12.00
# Visual Studio 15
VisualStudioVersion = 15.0.27703.2042
MinimumVisualStudioVersion = 10.0.40219.1
Project("{FAE04EC0-301F-11D3-BF4B-00C04F79EFBC}") = "CalendarDemo.iOS", "CalendarDemo\CalendarDemo.iOS\CalendarDemo.iOS.csproj", "{6A181528-184B-44C6-9806-ADE6D4CE05A0}"
EndProject
Project("{FAE04EC0-301F-11D3-BF4B-00C04F79EFBC}") = "CalendarDemo", "CalendarDemo\CalendarDemo\CalendarDemo.csproj", "{0CEC9F66-E28B-4D9C-97DA-A8C37AE48840}"
EndProject
Global
	GlobalSection(SolutionConfigurationPlatforms) = preSolution
		Ad-Hoc|Any CPU = Ad-Hoc|Any CPU
		Ad-Hoc|iPhone = Ad-Hoc|iPhone
		Ad-Hoc|iPhoneSimulator = Ad-Hoc|iPhoneSimulator
		AppStore|Any CPU = AppStore|Any CPU
		AppStore|iPhone = AppStore|iPhone
		AppStore|iPhoneSimulator = AppStore|iPhoneSimulator
		Debug|Any CPU = Debug|Any CPU
		Debug|iPhone = Debug|iPhone
		Debug|iPhoneSimulator = Debug|iPhoneSimulator
		Release|Any CPU = Release|Any CPU
		Release|iPhone = Release|iPhone
		Release|iPhoneSimulator = Release|iPhoneSimulator
	EndGlobalSection
	GlobalSection(ProjectConfigurationPlatforms) = postSolution
		{6A181528-184B-44C6-9806-ADE6D4CE05A0}.Ad-Hoc|Any CPU.ActiveCfg = Ad-Hoc|iPhone
		{6A181528-184B-44C6-9806-ADE6D4CE05A0}.Ad-Hoc|Any CPU.Build.0 = Ad-Hoc|iPhone
		{6A181528-184B-44C6-9806-ADE6D4CE05A0}.Ad-Hoc|Any CPU.Deploy.0 = Ad-Hoc|iPhone
		{6A181528-184B-44C6-9806-ADE6D4CE05A0}.Ad-Hoc|iPhone.ActiveCfg = Ad-Hoc|iPhone
		{6A181528-184B-44C6-9806-ADE6D4CE05A0}.Ad-Hoc|iPhone.Build.0 = Ad-Hoc|iPhone
		{6A181528-184B-44C6-9806-ADE6D4CE05A0}.Ad-Hoc|iPhone.Deploy.0 = Ad-Hoc|iPhone
		{6A181528-184B-44C6-9806-ADE6D4CE05A0}.Ad-Hoc|iPhoneSimulator.ActiveCfg = Ad-Hoc|iPhoneSimulator
		{6A181528-184B-44C6-9806-ADE6D4CE05A0}.Ad-Hoc|iPhoneSimulator.Build.0 = Ad-Hoc|iPhoneSimulator
		{6A181528-184B-44C6-9806-ADE6D4CE05A0}.Ad-Hoc|iPhoneSimulator.Deploy.0 = Ad-Hoc|iPhoneSimulator
		{6A181528-184B-44C6-9806-ADE6D4CE05A0}.AppStore|Any CPU.ActiveCfg = AppStore|iPhone
		{6A181528-184B-44C6-9806-ADE6D4CE05A0}.AppStore|Any CPU.Build.0 = AppStore|iPhone
		{6A181528-184B-44C6-9806-ADE6D4CE05A0}.AppStore|Any CPU.Deploy.0 = AppStore|iPhone
		{6A181528-184B-44C6-9806-ADE6D4CE05A0}.AppStore|iPhone.ActiveCfg = AppStore|iPhone
		{6A181528-184B-44C6-9806-ADE6D4CE05A0}.AppStore|iPhone.Build.0 = AppStore|iPhone
		{6A181528-184B-44C6-9806-ADE6D4CE05A0}.AppStore|iPhone.Deploy.0 = AppStore|iPhone
		{6A181528-184B-44C6-9806-ADE6D4CE05A0}.AppStore|iPhoneSimulator.ActiveCfg = AppStore|iPhoneSimulator
		{6A181528-184B-44C6-9806-ADE6D4CE05A0}.AppStore|iPhoneSimulator.Build.0 = AppStore|iPhoneSimulator
		{6A181528-184B-44C6-9806-ADE6D4CE05A0}.AppStore|iPhoneSimulator.Deploy.0 = AppStore|iPhoneSimulator
		{6A181528-184B-44C6-9806-ADE6D4CE05A0}.Debug|Any CPU.ActiveCfg = Debug|iPhoneSimulator
		{6A181528-184B-44C6-9806-ADE6D4CE05A0}.Debug|Any CPU.Build.0 = Debug|iPhoneSimulator
		{6A181528-184B-44C6-9806-ADE6D4CE05A0}.Debug|Any CPU.Deploy.0 = Debug|iPhoneSimulator
		{6A181528-184B-44C6-9806-ADE6D4CE05A0}.Debug|iPhone.ActiveCfg = Debug|iPhone
		{6A181528-184B-44C6-9806-ADE6D4CE05A0}.Debug|iPhone.Build.0 = Debug|iPhone
		{6A181528-184B-44C6-9806-ADE6D4CE05A0}.Debug|iPhone.Deploy.0 = Debug|iPhone
		{6A181528-184B-44C6-9806-ADE6D4CE05A0}.Debug|iPhoneSimulator.ActiveCfg = Debug|iPhoneSimulator
		{6A181528-184B-44C6-9806-ADE6D4CE05A0}.Debug|iPhoneSimulator.Build.0 = Debug|iPhoneSimulator
		{6A181528-184B-44C6-9806-ADE6D4CE05A0}.Debug|iPhoneSimulator.Deploy.0 = Debug|iPhoneSimulator
		{6A181528-184B-44C6-9806-ADE6D4CE05A0}.Release|Any CPU.ActiveCfg = Release|iPhone
		{6A181528-184B-44C6-9806-ADE6D4CE05A0}.Release|Any CPU.Build.0 = Release|iPhone
		{6A181528-184B-44C6-9806-ADE6D4CE05A0}.Release|Any CPU.Deploy.0 = Release|iPhone
		{6A181528-184B-44C6-9806-ADE6D4CE05A0}.Release|iPhone.ActiveCfg = Release|iPhone
		{6A181528-184B-44C6-9806-ADE6D4CE05A0}.Release|iPhone.Build.0 = Release|iPhone
		{6A181528-184B-44C6-9806-ADE6D4CE05A0}.Release|iPhone.Deploy.0 = Release|iPhone
		{6A181528-184B-44C6-9806-ADE6D4CE05A0}.Release|iPhoneSimulator.ActiveCfg = Release|iPhoneSimulator
		{6A181528-184B-44C6-9806-ADE6D4CE05A0}.Release|iPhoneSimulator.Build.0 = Release|iPhoneSimulator
		{6A181528-184B-44C6-9806-ADE6D4CE05A0}.Release|iPhoneSimulator.Deploy.0 = Release|iPhoneSimulator
		{0CEC9F66-E28B-4D9C-97DA-A8C37AE48840}.Ad-Hoc|Any CPU.ActiveCfg = Debug|Any CPU
		{0CEC9F66-E28B-4D9C-97DA-A8C37AE48840}.Ad-Hoc|Any CPU.Build.0 = Debug|Any CPU
		{0CEC9F66-E28B-4D9C-97DA-A8C37AE48840}.Ad-Hoc|Any CPU.Deploy.0 = Debug|Any CPU
		{0CEC9F66-E28B-4D9C-97DA-A8C37AE48840}.Ad-Hoc|iPhone.ActiveCfg = Debug|Any CPU
		{0CEC9F66-E28B-4D9C-97DA-A8C37AE48840}.Ad-Hoc|iPhone.Build.0 = Debug|Any CPU
		{0CEC9F66-E28B-4D9C-97DA-A8C37AE48840}.Ad-Hoc|iPhone.Deploy.0 = Debug|Any CPU
		{0CEC9F66-E28B-4D9C-97DA-A8C37AE48840}.Ad-Hoc|iPhoneSimulator.ActiveCfg = Debug|Any CPU
		{0CEC9F66-E28B-4D9C-97DA-A8C37AE48840}.Ad-Hoc|iPhoneSimulator.Build.0 = Debug|Any CPU
		{0CEC9F66-E28B-4D9C-97DA-A8C37AE48840}.Ad-Hoc|iPhoneSimulator.Deploy.0 = Debug|Any CPU
		{0CEC9F66-E28B-4D9C-97DA-A8C37AE48840}.AppStore|Any CPU.ActiveCfg = Debug|Any CPU
		{0CEC9F66-E28B-4D9C-97DA-A8C37AE48840}.AppStore|Any CPU.Build.0 = Debug|Any CPU
		{0CEC9F66-E28B-4D9C-97DA-A8C37AE48840}.AppStore|Any CPU.Deploy.0 = Debug|Any CPU
		{0CEC9F66-E28B-4D9C-97DA-A8C37AE48840}.AppStore|iPhone.ActiveCfg = Debug|Any CPU
		{0CEC9F66-E28B-4D9C-97DA-A8C37AE48840}.AppStore|iPhone.Build.0 = Debug|Any CPU
		{0CEC9F66-E28B-4D9C-97DA-A8C37AE48840}.AppStore|iPhone.Deploy.0 = Debug|Any CPU
		{0CEC9F66-E28B-4D9C-97DA-A8C37AE48840}.AppStore|iPhoneSimulator.ActiveCfg = Debug|Any CPU
		{0CEC9F66-E28B-4D9C-97DA-A8C37AE48840}.AppStore|iPhoneSimulator.Build.0 = Debug|Any CPU
		{0CEC9F66-E28B-4D9C-97DA-A8C37AE48840}.AppStore|iPhoneSimulator.Deploy.0 = Debug|Any CPU
		{0CEC9F66-E28B-4D9C-97DA-A8C37AE48840}.Debug|Any CPU.ActiveCfg = Debug|Any CPU
		{0CEC9F66-E28B-4D9C-97DA-A8C37AE48840}.Debug|Any CPU.Build.0 = Debug|Any CPU
		{0CEC9F66-E28B-4D9C-97DA-A8C37AE48840}.Debug|Any CPU.Deploy.0 = Debug|Any CPU
		{0CEC9F66-E28B-4D9C-97DA-A8C37AE48840}.Debug|iPhone.ActiveCfg = Debug|Any CPU
		{0CEC9F66-E28B-4D9C-97DA-A8C37AE48840}.Debug|iPhone.Build.0 = Debug|Any CPU
		{0CEC9F66-E28B-4D9C-97DA-A8C37AE48840}.Debug|iPhone.Deploy.0 = Debug|Any CPU
		{0CEC9F66-E28B-4D9C-97DA-A8C37AE48840}.Debug|iPhoneSimulator.ActiveCfg = Debug|Any CPU
		{0CEC9F66-E28B-4D9C-97DA-A8C37AE48840}.Debug|iPhoneSimulator.Build.0 = Debug|Any CPU
		{0CEC9F66-E28B-4D9C-97DA-A8C37AE48840}.Debug|iPhoneSimulator.Deploy.0 = Debug|Any CPU
		{0CEC9F66-E28B-4D9C-97DA-A8C37AE48840}.Release|Any CPU.ActiveCfg = Release|Any CPU
		{0CEC9F66-E28B-4D9C-97DA-A8C37AE48840}.Release|Any CPU.Build.0 = Release|Any CPU
		{0CEC9F66-E28B-4D9C-97DA-A8C37AE48840}.Release|Any CPU.Deploy.0 = Release|Any CPU
		{0CEC9F66-E28B-4D9C-97DA-A8C37AE48840}.Release|iPhone.ActiveCfg = Release|Any CPU
		{0CEC9F66-E28B-4D9C-97DA-A8C37AE48840}.Release|iPhone.Build.0 = Release|Any CPU
		{0CEC9F66-E28B-4D9C-97DA-A8C37AE48840}.Release|iPhone.Deploy.0 = Release|Any CPU
		{0CEC9F66-E28B-4D9C-97DA-A8C37AE48840}.Release|iPhoneSimulator.ActiveCfg = Release|Any CPU
		{0CEC9F66-E28B-4D9C-97DA-A8C37AE48840}.Release|iPhoneSimulator.Build.0 = Release|Any CPU
		{0CEC9F66-E28B-4D9C-97DA-A8C37AE48840}.Release|iPhoneSimulator.Deploy.0 = Release|Any CPU
	EndGlobalSection
	GlobalSection(SolutionProperties) = preSolution
		HideSolutionNode = FALSE
	EndGlobalSection
	GlobalSection(ExtensibilityGlobals) = postSolution
		SolutionGuid = {395DBC61-9B90-4CED-B987-26FE35B6E378}
	EndGlobalSection
EndGlobal
